// !$*UTF8*$!
{
	archiveVersion = 1;
	classes = {
	};
	objectVersion = 46;
	objects = {

/* Begin PBXBuildFile section */
		B15953491BDF4DC50022E149 /* main.m in Sources */ = {isa = PBXBuildFile; fileRef = B15953481BDF4DC50022E149 /* main.m */; };
		B159534C1BDF4DC50022E149 /* AppDelegate.m in Sources */ = {isa = PBXBuildFile; fileRef = B159534B1BDF4DC50022E149 /* AppDelegate.m */; };
		B159534F1BDF4DC50022E149 /* ViewController.m in Sources */ = {isa = PBXBuildFile; fileRef = B159534E1BDF4DC50022E149 /* ViewController.m */; };
		B15953521BDF4DC50022E149 /* Main.storyboard in Resources */ = {isa = PBXBuildFile; fileRef = B15953501BDF4DC50022E149 /* Main.storyboard */; };
		B15953541BDF4DC50022E149 /* Images.xcassets in Resources */ = {isa = PBXBuildFile; fileRef = B15953531BDF4DC50022E149 /* Images.xcassets */; };
		B15953571BDF4DC50022E149 /* LaunchScreen.xib in Resources */ = {isa = PBXBuildFile; fileRef = B15953551BDF4DC50022E149 /* LaunchScreen.xib */; };
		B15953631BDF4DC50022E149 /* Crazy7Tests.m in Sources */ = {isa = PBXBuildFile; fileRef = B15953621BDF4DC50022E149 /* Crazy7Tests.m */; };
/* End PBXBuildFile section */

/* Begin PBXContainerItemProxy section */
		B159535D1BDF4DC50022E149 /* PBXContainerItemProxy */ = {
			isa = PBXContainerItemProxy;
			containerPortal = B159533B1BDF4DC50022E149 /* Project object */;
			proxyType = 1;
			remoteGlobalIDString = B15953421BDF4DC50022E149;
			remoteInfo = Crazy7;
		};
/* End PBXContainerItemProxy section */

/* Begin PBXFileReference section */
		B15953431BDF4DC50022E149 /* Crazy7.app */ = {isa = PBXFileReference; explicitFileType = wrapper.application; includeInIndex = 0; path = Crazy7.app; sourceTree = BUILT_PRODUCTS_DIR; };
		B15953471BDF4DC50022E149 /* Info.plist */ = {isa = PBXFileReference; lastKnownFileType = text.plist.xml; path = Info.plist; sourceTree = "<group>"; };
		B15953481BDF4DC50022E149 /* main.m */ = {isa = PBXFileReference; lastKnownFileType = sourcecode.c.objc; path = main.m; sourceTree = "<group>"; };
		B159534A1BDF4DC50022E149 /* AppDelegate.h */ = {isa = PBXFileReference; lastKnownFileType = sourcecode.c.h; path = AppDelegate.h; sourceTree = "<group>"; };
		B159534B1BDF4DC50022E149 /* AppDelegate.m */ = {isa = PBXFileReference; lastKnownFileType = sourcecode.c.objc; path = AppDelegate.m; sourceTree = "<group>"; };
		B159534D1BDF4DC50022E149 /* ViewController.h */ = {isa = PBXFileReference; lastKnownFileType = sourcecode.c.h; path = ViewController.h; sourceTree = "<group>"; };
		B159534E1BDF4DC50022E149 /* ViewController.m */ = {isa = PBXFileReference; lastKnownFileType = sourcecode.c.objc; path = ViewController.m; sourceTree = "<group>"; };
		B15953511BDF4DC50022E149 /* Base */ = {isa = PBXFileReference; lastKnownFileType = file.storyboard; name = Base; path = Base.lproj/Main.storyboard; sourceTree = "<group>"; };
		B15953531BDF4DC50022E149 /* Images.xcassets */ = {isa = PBXFileReference; lastKnownFileType = folder.assetcatalog; path = Images.xcassets; sourceTree = "<group>"; };
		B15953561BDF4DC50022E149 /* Base */ = {isa = PBXFileReference; lastKnownFileType = file.xib; name = Base; path = Base.lproj/LaunchScreen.xib; sourceTree = "<group>"; };
		B159535C1BDF4DC50022E149 /* Crazy7Tests.xctest */ = {isa = PBXFileReference; explicitFileType = wrapper.cfbundle; includeInIndex = 0; path = Crazy7Tests.xctest; sourceTree = BUILT_PRODUCTS_DIR; };
		B15953611BDF4DC50022E149 /* Info.plist */ = {isa = PBXFileReference; lastKnownFileType = text.plist.xml; path = Info.plist; sourceTree = "<group>"; };
		B15953621BDF4DC50022E149 /* Crazy7Tests.m */ = {isa = PBXFileReference; lastKnownFileType = sourcecode.c.objc; path = Crazy7Tests.m; sourceTree = "<group>"; };
/* End PBXFileReference section */

/* Begin PBXFrameworksBuildPhase section */
		B15953401BDF4DC50022E149 /* Frameworks */ = {
			isa = PBXFrameworksBuildPhase;
			buildActionMask = 2147483647;
			files = (
			);
			runOnlyForDeploymentPostprocessing = 0;
		};
		B15953591BDF4DC50022E149 /* Frameworks */ = {
			isa = PBXFrameworksBuildPhase;
			buildActionMask = 2147483647;
			files = (
			);
			runOnlyForDeploymentPostprocessing = 0;
		};
/* End PBXFrameworksBuildPhase section */

/* Begin PBXGroup section */
		B159533A1BDF4DC50022E149 = {
			isa = PBXGroup;
			children = (
				B15953451BDF4DC50022E149 /* Crazy7 */,
				B159535F1BDF4DC50022E149 /* Crazy7Tests */,
				B15953441BDF4DC50022E149 /* Products */,
			);
			sourceTree = "<group>";
		};
		B15953441BDF4DC50022E149 /* Products */ = {
			isa = PBXGroup;
			children = (
				B15953431BDF4DC50022E149 /* Crazy7.app */,
				B159535C1BDF4DC50022E149 /* Crazy7Tests.xctest */,
			);
			name = Products;
			sourceTree = "<group>";
		};
		B15953451BDF4DC50022E149 /* Crazy7 */ = {
			isa = PBXGroup;
			children = (
				B159534A1BDF4DC50022E149 /* AppDelegate.h */,
				B159534B1BDF4DC50022E149 /* AppDelegate.m */,
				B159534D1BDF4DC50022E149 /* ViewController.h */,
				B159534E1BDF4DC50022E149 /* ViewController.m */,
				B15953501BDF4DC50022E149 /* Main.storyboard */,
				B15953531BDF4DC50022E149 /* Images.xcassets */,
				B15953551BDF4DC50022E149 /* LaunchScreen.xib */,
				B15953461BDF4DC50022E149 /* Supporting Files */,
			);
			path = Crazy7;
			sourceTree = "<group>";
		};
		B15953461BDF4DC50022E149 /* Supporting Files */ = {
			isa = PBXGroup;
			children = (
				B15953471BDF4DC50022E149 /* Info.plist */,
				B15953481BDF4DC50022E149 /* main.m */,
			);
			name = "Supporting Files";
			sourceTree = "<group>";
		};
		B159535F1BDF4DC50022E149 /* Crazy7Tests */ = {
			isa = PBXGroup;
			children = (
				B15953621BDF4DC50022E149 /* Crazy7Tests.m */,
				B15953601BDF4DC50022E149 /* Supporting Files */,
			);
			path = Crazy7Tests;
			sourceTree = "<group>";
		};
		B15953601BDF4DC50022E149 /* Supporting Files */ = {
			isa = PBXGroup;
			children = (
				B15953611BDF4DC50022E149 /* Info.plist */,
			);
			name = "Supporting Files";
			sourceTree = "<group>";
		};
/* End PBXGroup section */

/* Begin PBXNativeTarget section */
		B15953421BDF4DC50022E149 /* Crazy7 */ = {
			isa = PBXNativeTarget;
			buildConfigurationList = B15953661BDF4DC50022E149 /* Build configuration list for PBXNativeTarget "Crazy7" */;
			buildPhases = (
				B159533F1BDF4DC50022E149 /* Sources */,
				B15953401BDF4DC50022E149 /* Frameworks */,
				B15953411BDF4DC50022E149 /* Resources */,
			);
			buildRules = (
			);
			dependencies = (
			);
			name = Crazy7;
			productName = Crazy7;
			productReference = B15953431BDF4DC50022E149 /* Crazy7.app */;
			productType = "com.apple.product-type.application";
		};
		B159535B1BDF4DC50022E149 /* Crazy7Tests */ = {
			isa = PBXNativeTarget;
			buildConfigurationList = B15953691BDF4DC50022E149 /* Build configuration list for PBXNativeTarget "Crazy7Tests" */;
			buildPhases = (
				B15953581BDF4DC50022E149 /* Sources */,
				B15953591BDF4DC50022E149 /* Frameworks */,
				B159535A1BDF4DC50022E149 /* Resources */,
			);
			buildRules = (
			);
			dependencies = (
				B159535E1BDF4DC50022E149 /* PBXTargetDependency */,
			);
			name = Crazy7Tests;
			productName = Crazy7Tests;
			productReference = B159535C1BDF4DC50022E149 /* Crazy7Tests.xctest */;
			productType = "com.apple.product-type.bundle.unit-test";
		};
/* End PBXNativeTarget section */

/* Begin PBXProject section */
		B159533B1BDF4DC50022E149 /* Project object */ = {
			isa = PBXProject;
			attributes = {
				LastUpgradeCheck = 0640;
				ORGANIZATIONNAME = Arron;
				TargetAttributes = {
					B15953421BDF4DC50022E149 = {
						CreatedOnToolsVersion = 6.4;
					};
					B159535B1BDF4DC50022E149 = {
						CreatedOnToolsVersion = 6.4;
						TestTargetID = B15953421BDF4DC50022E149;
					};
				};
			};
			buildConfigurationList = B159533E1BDF4DC50022E149 /* Build configuration list for PBXProject "Crazy7" */;
			compatibilityVersion = "Xcode 3.2";
			developmentRegion = English;
			hasScannedForEncodings = 0;
			knownRegions = (
				en,
				Base,
			);
			mainGroup = B159533A1BDF4DC50022E149;
			productRefGroup = B15953441BDF4DC50022E149 /* Products */;
			projectDirPath = "";
			projectRoot = "";
			targets = (
				B15953421BDF4DC50022E149 /* Crazy7 */,
				B159535B1BDF4DC50022E149 /* Crazy7Tests */,
			);
		};
/* End PBXProject section */

/* Begin PBXResourcesBuildPhase section */
		B15953411BDF4DC50022E149 /* Resources */ = {
			isa = PBXResourcesBuildPhase;
			buildActionMask = 2147483647;
			files = (
				B15953521BDF4DC50022E149 /* Main.storyboard in Resources */,
				B15953571BDF4DC50022E149 /* LaunchScreen.xib in Resources */,
				B15953541BDF4DC50022E149 /* Images.xcassets in Resources */,
			);
			runOnlyForDeploymentPostprocessing = 0;
		};
		B159535A1BDF4DC50022E149 /* Resources */ = {
			isa = PBXResourcesBuildPhase;
			buildActionMask = 2147483647;
			files = (
			);
			runOnlyForDeploymentPostprocessing = 0;
		};
/* End PBXResourcesBuildPhase section */

/* Begin PBXSourcesBuildPhase section */
		B159533F1BDF4DC50022E149 /* Sources */ = {
			isa = PBXSourcesBuildPhase;
			buildActionMask = 2147483647;
			files = (
				B159534F1BDF4DC50022E149 /* ViewController.m in Sources */,
				B159534C1BDF4DC50022E149 /* AppDelegate.m in Sources */,
				B15953491BDF4DC50022E149 /* main.m in Sources */,
			);
			runOnlyForDeploymentPostprocessing = 0;
		};
		B15953581BDF4DC50022E149 /* Sources */ = {
			isa = PBXSourcesBuildPhase;
			buildActionMask = 2147483647;
			files = (
				B15953631BDF4DC50022E149 /* Crazy7Tests.m in Sources */,
			);
			runOnlyForDeploymentPostprocessing = 0;
		};
/* End PBXSourcesBuildPhase section */

/* Begin PBXTargetDependency section */
		B159535E1BDF4DC50022E149 /* PBXTargetDependency */ = {
			isa = PBXTargetDependency;
			target = B15953421BDF4DC50022E149 /* Crazy7 */;
			targetProxy = B159535D1BDF4DC50022E149 /* PBXContainerItemProxy */;
		};
/* End PBXTargetDependency section */

/* Begin PBXVariantGroup section */
		B15953501BDF4DC50022E149 /* Main.storyboard */ = {
			isa = PBXVariantGroup;
			children = (
				B15953511BDF4DC50022E149 /* Base */,
			);
			name = Main.storyboard;
			sourceTree = "<group>";
		};
		B15953551BDF4DC50022E149 /* LaunchScreen.xib */ = {
			isa = PBXVariantGroup;
			children = (
				B15953561BDF4DC50022E149 /* Base */,
			);
			name = LaunchScreen.xib;
			sourceTree = "<group>";
		};
/* End PBXVariantGroup section */

/* Begin XCBuildConfiguration section */
		B15953641BDF4DC50022E149 /* Debug */ = {
			isa = XCBuildConfiguration;
			buildSettings = {
				ALWAYS_SEARCH_USER_PATHS = NO;
				CLANG_CXX_LANGUAGE_STANDARD = "gnu++0x";
				CLANG_CXX_LIBRARY = "libc++";
				CLANG_ENABLE_MODULES = YES;
				CLANG_ENABLE_OBJC_ARC = YES;
				CLANG_WARN_BOOL_CONVERSION = YES;
				CLANG_WARN_CONSTANT_CONVERSION = YES;
				CLANG_WARN_DIRECT_OBJC_ISA_USAGE = YES_ERROR;
				CLANG_WARN_EMPTY_BODY = YES;
				CLANG_WARN_ENUM_CONVERSION = YES;
				CLANG_WARN_INT_CONVERSION = YES;
				CLANG_WARN_OBJC_ROOT_CLASS = YES_ERROR;
				CLANG_WARN_UNREACHABLE_CODE = YES;
				CLANG_WARN__DUPLICATE_METHOD_MATCH = YES;
				"CODE_SIGN_IDENTITY[sdk=iphoneos*]" = "iPhone Developer";
				COPY_PHASE_STRIP = NO;
				DEBUG_INFORMATION_FORMAT = "dwarf-with-dsym";
				ENABLE_STRICT_OBJC_MSGSEND = YES;
				GCC_C_LANGUAGE_STANDARD = gnu99;
				GCC_DYNAMIC_NO_PIC = NO;
				GCC_NO_COMMON_BLOCKS = YES;
				GCC_OPTIMIZATION_LEVEL = 0;
				GCC_PREPROCESSOR_DEFINITIONS = (
					"DEBUG=1",
					"$(inherited)",
				);
				GCC_SYMBOLS_PRIVATE_EXTERN = NO;
				GCC_WARN_64_TO_32_BIT_CONVERSION = YES;
				GCC_WARN_ABOUT_RETURN_TYPE = YES_ERROR;
				GCC_WARN_UNDECLARED_SELECTOR = YES;
				GCC_WARN_UNINITIALIZED_AUTOS = YES_AGGRESSIVE;
				GCC_WARN_UNUSED_FUNCTION = YES;
				GCC_WARN_UNUSED_VARIABLE = YES;
				IPHONEOS_DEPLOYMENT_TARGET = 8.4;
				MTL_ENABLE_DEBUG_INFO = YES;
				ONLY_ACTIVE_ARCH = YES;
				SDKROOT = iphoneos;
			};
			name = Debug;
		};
		B15953651BDF4DC50022E149 /* Release */ = {
			isa = XCBuildConfiguration;
			buildSettings = {
				ALWAYS_SEARCH_USER_PATHS = NO;
				CLANG_CXX_LANGUAGE_STANDARD = "gnu++0x";
				CLANG_CXX_LIBRARY = "libc++";
				CLANG_ENABLE_MODULES = YES;
				CLANG_ENABLE_OBJC_ARC = YES;
				CLANG_WARN_BOOL_CONVERSION = YES;
				CLANG_WARN_CONSTANT_CONVERSION = YES;
				CLANG_WARN_DIRECT_OBJC_ISA_USAGE = YES_ERROR;
				CLANG_WARN_EMPTY_BODY = YES;
				CLANG_WARN_ENUM_CONVERSION = YES;
				CLANG_WARN_INT_CONVERSION = YES;
				CLANG_WARN_OBJC_ROOT_CLASS = YES_ERROR;
				CLANG_WARN_UNREACHABLE_CODE = YES;
				CLANG_WARN__DUPLICATE_METHOD_MATCH = YES;
				"CODE_SIGN_IDENTITY[sdk=iphoneos*]" = "iPhone Developer";
				COPY_PHASE_STRIP = NO;
				DEBUG_INFORMATION_FORMAT = "dwarf-with-dsym";
				ENABLE_NS_ASSERTIONS = NO;
				ENABLE_STRICT_OBJC_MSGSEND = YES;
				GCC_C_LANGUAGE_STANDARD = gnu99;
				GCC_NO_COMMON_BLOCKS = YES;
				GCC_WARN_64_TO_32_BIT_CONVERSION = YES;
				GCC_WARN_ABOUT_RETURN_TYPE = YES_ERROR;
				GCC_WARN_UNDECLARED_SELECTOR = YES;
				GCC_WARN_UNINITIALIZED_AUTOS = YES_AGGRESSIVE;
				GCC_WARN_UNUSED_FUNCTION = YES;
				GCC_WARN_UNUSED_VARIABLE = YES;
				IPHONEOS_DEPLOYMENT_TARGET = 8.4;
				MTL_ENABLE_DEBUG_INFO = NO;
				SDKROOT = iphoneos;
				VALIDATE_PRODUCT = YES;
			};
			name = Release;
		};
		B15953671BDF4DC50022E149 /* Debug */ = {
			isa = XCBuildConfiguration;
			buildSettings = {
				ASSETCATALOG_COMPILER_APPICON_NAME = AppIcon;
				INFOPLIST_FILE = Crazy7/Info.plist;
				LD_RUNPATH_SEARCH_PATHS = "$(inherited) @executable_path/Frameworks";
				PRODUCT_NAME = "$(TARGET_NAME)";
			};
			name = Debug;
		};
		B15953681BDF4DC50022E149 /* Release */ = {
			isa = XCBuildConfiguration;
			buildSettings = {
				ASSETCATALOG_COMPILER_APPICON_NAME = AppIcon;
				INFOPLIST_FILE = Crazy7/Info.plist;
				LD_RUNPATH_SEARCH_PATHS = "$(inherited) @executable_path/Frameworks";
				PRODUCT_NAME = "$(TARGET_NAME)";
			};
			name = Release;
		};
		B159536A1BDF4DC50022E149 /* Debug */ = {
			isa = XCBuildConfiguration;
			buildSettings = {
				BUNDLE_LOADER = "$(TEST_HOST)";
				FRAMEWORK_SEARCH_PATHS = (
					"$(SDKROOT)/Developer/Library/Frameworks",
					"$(inherited)",
				);
				GCC_PREPROCESSOR_DEFINITIONS = (
					"DEBUG=1",
					"$(inherited)",
				);
				INFOPLIST_FILE = Crazy7Tests/Info.plist;
				LD_RUNPATH_SEARCH_PATHS = "$(inherited) @executable_path/Frameworks @loader_path/Frameworks";
				PRODUCT_NAME = "$(TARGET_NAME)";
				TEST_HOST = "$(BUILT_PRODUCTS_DIR)/Crazy7.app/Crazy7";
			};
			name = Debug;
		};
		B159536B1BDF4DC50022E149 /* Release */ = {
			isa = XCBuildConfiguration;
			buildSettings = {
				BUNDLE_LOADER = "$(TEST_HOST)";
				FRAMEWORK_SEARCH_PATHS = (
					"$(SDKROOT)/Developer/Library/Frameworks",
					"$(inherited)",
				);
				INFOPLIST_FILE = Crazy7Tests/Info.plist;
				LD_RUNPATH_SEARCH_PATHS = "$(inherited) @executable_path/Frameworks @loader_path/Frameworks";
				PRODUCT_NAME = "$(TARGET_NAME)";
				TEST_HOST = "$(BUILT_PRODUCTS_DIR)/Crazy7.app/Crazy7";
			};
			name = Release;
		};
/* End XCBuildConfiguration section */

/* Begin XCConfigurationList section */
		B159533E1BDF4DC50022E149 /* Build configuration list for PBXProject "Crazy7" */ = {
			isa = XCConfigurationList;
			buildConfigurations = (
				B15953641BDF4DC50022E149 /* Debug */,
				B15953651BDF4DC50022E149 /* Release */,
			);
			defaultConfigurationIsVisible = 0;
			defaultConfigurationName = Release;
		};
		B15953661BDF4DC50022E149 /* Build configuration list for PBXNativeTarget "Crazy7" */ = {
			isa = XCConfigurationList;
			buildConfigurations = (
				B15953671BDF4DC50022E149 /* Debug */,
				B15953681BDF4DC50022E149 /* Release */,
			);
			defaultConfigurationIsVisible = 0;
		};
		B15953691BDF4DC50022E149 /* Build configuration list for PBXNativeTarget "Crazy7Tests" */ = {
			isa = XCConfigurationList;
			buildConfigurations = (
				B159536A1BDF4DC50022E149 /* Debug */,
				B159536B1BDF4DC50022E149 /* Release */,
			);
			defaultConfigurationIsVisible = 0;
		};
/* End XCConfigurationList section */
	};
	rootObject = B159533B1BDF4DC50022E149 /* Project object */;
}
